
Microsoft Visual Studio Solution File, Format Version 12.00
# Visual Studio Version 17
VisualStudioVersion = 17.5.002.0
MinimumVisualStudioVersion = 10.0.40219.1
Project("{9A19103F-16F7-4668-BE54-9A1E7A4F7556}") = "Library", "Library\Library.csproj", "{23DB9444-15A9-4598-8123-D1978E8595CD}"
EndProject
Project("{9A19103F-16F7-4668-BE54-9A1E7A4F7556}") = "Program", "Program\Program.csproj", "{317769E1-CDFA-4852-84DF-6E5C9380318F}"
EndProject
Global
	GlobalSection(SolutionConfigurationPlatforms) = preSolution
		Debug|Any CPU = Debug|Any CPU
		Release|Any CPU = Release|Any CPU
	EndGlobalSection
	GlobalSection(ProjectConfigurationPlatforms) = postSolution
		{23DB9444-15A9-4598-8123-D1978E8595CD}.Debug|Any CPU.ActiveCfg = Debug|Any CPU
		{23DB9444-15A9-4598-8123-D1978E8595CD}.Debug|Any CPU.Build.0 = Debug|Any CPU
		{23DB9444-15A9-4598-8123-D1978E8595CD}.Release|Any CPU.ActiveCfg = Release|Any CPU
		{23DB9444-15A9-4598-8123-D1978E8595CD}.Release|Any CPU.Build.0 = Release|Any CPU
		{317769E1-CDFA-4852-84DF-6E5C9380318F}.Debug|Any CPU.ActiveCfg = Debug|Any CPU
		{317769E1-CDFA-4852-84DF-6E5C9380318F}.Debug|Any CPU.Build.0 = Debug|Any CPU
		{317769E1-CDFA-4852-84DF-6E5C9380318F}.Release|Any CPU.ActiveCfg = Release|Any CPU
		{317769E1-CDFA-4852-84DF-6E5C9380318F}.Release|Any CPU.Build.0 = Release|Any CPU
	EndGlobalSection
	GlobalSection(SolutionProperties) = preSolution
		HideSolutionNode = FALSE
	EndGlobalSection
	GlobalSection(ExtensibilityGlobals) = postSolution
		SolutionGuid = {39309676-567D-46DC-A5AF-C225F4403805}
	EndGlobalSection
EndGlobal
